
Microsoft Visual Studio Solution File, Format Version 12.00
# Visual Studio 2012
Project("{FAE04EC0-301F-11D3-BF4B-00C04F79EFBC}") = "TotalChar", "TotalChar\TotalChar.csproj", "{1B94FB70-502F-4D66-8BA1-FECC3FC4A757}"
EndProject
Project("{FAE04EC0-301F-11D3-BF4B-00C04F79EFBC}") = "ParseHash", "ParseHash\ParseHash.csproj", "{2C6D96AB-BB0D-4A2E-A3E0-4CC0FA002AAF}"
EndProject
Project("{FAE04EC0-301F-11D3-BF4B-00C04F79EFBC}") = "Convert2Unicode", "Convert2Unicode\Convert2Unicode.csproj", "{DA23F800-0870-4D3E-A808-37C7DC32F542}"
EndProject
Global
	GlobalSection(SolutionConfigurationPlatforms) = preSolution
		_Debug|Any CPU = _Debug|Any CPU
		_Debug|Win32 = _Debug|Win32
		_dll-debug_opt|Any CPU = _dll-debug_opt|Any CPU
		_dll-debug_opt|Win32 = _dll-debug_opt|Win32
		_dll-debug|Any CPU = _dll-debug|Any CPU
		_dll-debug|Win32 = _dll-debug|Win32
		_dll-release|Any CPU = _dll-release|Any CPU
		_dll-release|Win32 = _dll-release|Win32
		_Release|Any CPU = _Release|Any CPU
		_Release|Win32 = _Release|Win32
		_WiiU-debug|Any CPU = _WiiU-debug|Any CPU
		_WiiU-debug|Win32 = _WiiU-debug|Win32
		_WiiU-develop|Any CPU = _WiiU-develop|Any CPU
		_WiiU-develop|Win32 = _WiiU-develop|Win32
		_WiiU-release|Any CPU = _WiiU-release|Any CPU
		_WiiU-release|Win32 = _WiiU-release|Win32
		_xbox360-debug_dll|Any CPU = _xbox360-debug_dll|Any CPU
		_xbox360-debug_dll|Win32 = _xbox360-debug_dll|Win32
		_xbox360-debug|Any CPU = _xbox360-debug|Any CPU
		_xbox360-debug|Win32 = _xbox360-debug|Win32
		_xbox360-debug-opt|Any CPU = _xbox360-debug-opt|Any CPU
		_xbox360-debug-opt|Win32 = _xbox360-debug-opt|Win32
		_xbox360-debug-xlsp|Any CPU = _xbox360-debug-xlsp|Any CPU
		_xbox360-debug-xlsp|Win32 = _xbox360-debug-xlsp|Win32
		_xbox360-profile|Any CPU = _xbox360-profile|Any CPU
		_xbox360-profile|Win32 = _xbox360-profile|Win32
		_xbox360-release|Any CPU = _xbox360-release|Any CPU
		_xbox360-release|Win32 = _xbox360-release|Win32
		_xbox360-release-develop|Any CPU = _xbox360-release-develop|Any CPU
		_xbox360-release-develop|Win32 = _xbox360-release-develop|Win32
		_xbox360-release-ni|Any CPU = _xbox360-release-ni|Any CPU
		_xbox360-release-ni|Win32 = _xbox360-release-ni|Win32
		_xbox360-release-signed|Any CPU = _xbox360-release-signed|Any CPU
		_xbox360-release-signed|Win32 = _xbox360-release-signed|Win32
		Debug|Any CPU = Debug|Any CPU
		Debug|Win32 = Debug|Win32
		mhf-debug-unicode|Any CPU = mhf-debug-unicode|Any CPU
		mhf-debug-unicode|Win32 = mhf-debug-unicode|Win32
		mhf-release_debug|Any CPU = mhf-release_debug|Any CPU
		mhf-release_debug|Win32 = mhf-release_debug|Win32
		mhf-trial-debug|Any CPU = mhf-trial-debug|Any CPU
		mhf-trial-debug|Win32 = mhf-trial-debug|Win32
		mhf-trial-release|Any CPU = mhf-trial-release|Any CPU
		mhf-trial-release|Win32 = mhf-trial-release|Win32
		Release|Any CPU = Release|Any CPU
		Release|Win32 = Release|Win32
	EndGlobalSection
	GlobalSection(ProjectConfigurationPlatforms) = postSolution
		{1B94FB70-502F-4D66-8BA1-FECC3FC4A757}._Debug|Any CPU.ActiveCfg = Debug|Any CPU
		{1B94FB70-502F-4D66-8BA1-FECC3FC4A757}._Debug|Win32.ActiveCfg = Debug|Any CPU
		{1B94FB70-502F-4D66-8BA1-FECC3FC4A757}._dll-debug_opt|Any CPU.ActiveCfg = Release|Any CPU
		{1B94FB70-502F-4D66-8BA1-FECC3FC4A757}._dll-debug_opt|Win32.ActiveCfg = Release|Any CPU
		{1B94FB70-502F-4D66-8BA1-FECC3FC4A757}._dll-debug|Any CPU.ActiveCfg = Release|Any CPU
		{1B94FB70-502F-4D66-8BA1-FECC3FC4A757}._dll-debug|Win32.ActiveCfg = Release|Any CPU
		{1B94FB70-502F-4D66-8BA1-FECC3FC4A757}._dll-release|Any CPU.ActiveCfg = Release|Any CPU
		{1B94FB70-502F-4D66-8BA1-FECC3FC4A757}._dll-release|Win32.ActiveCfg = Release|Any CPU
		{1B94FB70-502F-4D66-8BA1-FECC3FC4A757}._Release|Any CPU.ActiveCfg = Release|Any CPU
		{1B94FB70-502F-4D66-8BA1-FECC3FC4A757}._Release|Win32.ActiveCfg = Release|Any CPU
		{1B94FB70-502F-4D66-8BA1-FECC3FC4A757}._WiiU-debug|Any CPU.ActiveCfg = Release|Any CPU
		{1B94FB70-502F-4D66-8BA1-FECC3FC4A757}._WiiU-debug|Win32.ActiveCfg = Release|Any CPU
		{1B94FB70-502F-4D66-8BA1-FECC3FC4A757}._WiiU-develop|Any CPU.ActiveCfg = Release|Any CPU
		{1B94FB70-502F-4D66-8BA1-FECC3FC4A757}._WiiU-develop|Win32.ActiveCfg = Release|Any CPU
		{1B94FB70-502F-4D66-8BA1-FECC3FC4A757}._WiiU-release|Any CPU.ActiveCfg = Release|Any CPU
		{1B94FB70-502F-4D66-8BA1-FECC3FC4A757}._WiiU-release|Win32.ActiveCfg = Release|Any CPU
		{1B94FB70-502F-4D66-8BA1-FECC3FC4A757}._xbox360-debug_dll|Any CPU.ActiveCfg = Release|Any CPU
		{1B94FB70-502F-4D66-8BA1-FECC3FC4A757}._xbox360-debug_dll|Win32.ActiveCfg = Release|Any CPU
		{1B94FB70-502F-4D66-8BA1-FECC3FC4A757}._xbox360-debug|Any CPU.ActiveCfg = Release|Any CPU
		{1B94FB70-502F-4D66-8BA1-FECC3FC4A757}._xbox360-debug|Win32.ActiveCfg = Release|Any CPU
		{1B94FB70-502F-4D66-8BA1-FECC3FC4A757}._xbox360-debug-opt|Any CPU.ActiveCfg = Release|Any CPU
		{1B94FB70-502F-4D66-8BA1-FECC3FC4A757}._xbox360-debug-opt|Win32.ActiveCfg = Release|Any CPU
		{1B94FB70-502F-4D66-8BA1-FECC3FC4A757}._xbox360-debug-xlsp|Any CPU.ActiveCfg = Release|Any CPU
		{1B94FB70-502F-4D66-8BA1-FECC3FC4A757}._xbox360-debug-xlsp|Win32.ActiveCfg = Release|Any CPU
		{1B94FB70-502F-4D66-8BA1-FECC3FC4A757}._xbox360-profile|Any CPU.ActiveCfg = Release|Any CPU
		{1B94FB70-502F-4D66-8BA1-FECC3FC4A757}._xbox360-profile|Win32.ActiveCfg = Release|Any CPU
		{1B94FB70-502F-4D66-8BA1-FECC3FC4A757}._xbox360-release|Any CPU.ActiveCfg = Release|Any CPU
		{1B94FB70-502F-4D66-8BA1-FECC3FC4A757}._xbox360-release|Win32.ActiveCfg = Release|Any CPU
		{1B94FB70-502F-4D66-8BA1-FECC3FC4A757}._xbox360-release-develop|Any CPU.ActiveCfg = Release|Any CPU
		{1B94FB70-502F-4D66-8BA1-FECC3FC4A757}._xbox360-release-develop|Win32.ActiveCfg = Release|Any CPU
		{1B94FB70-502F-4D66-8BA1-FECC3FC4A757}._xbox360-release-ni|Any CPU.ActiveCfg = Release|Any CPU
		{1B94FB70-502F-4D66-8BA1-FECC3FC4A757}._xbox360-release-ni|Win32.ActiveCfg = Release|Any CPU
		{1B94FB70-502F-4D66-8BA1-FECC3FC4A757}._xbox360-release-signed|Any CPU.ActiveCfg = Release|Any CPU
		{1B94FB70-502F-4D66-8BA1-FECC3FC4A757}._xbox360-release-signed|Win32.ActiveCfg = Release|Any CPU
		{1B94FB70-502F-4D66-8BA1-FECC3FC4A757}.Debug|Any CPU.ActiveCfg = Debug|Any CPU
		{1B94FB70-502F-4D66-8BA1-FECC3FC4A757}.Debug|Any CPU.Build.0 = Debug|Any CPU
		{1B94FB70-502F-4D66-8BA1-FECC3FC4A757}.Debug|Win32.ActiveCfg = Debug|Any CPU
		{1B94FB70-502F-4D66-8BA1-FECC3FC4A757}.mhf-debug-unicode|Any CPU.ActiveCfg = Release|Any CPU
		{1B94FB70-502F-4D66-8BA1-FECC3FC4A757}.mhf-debug-unicode|Win32.ActiveCfg = Release|Any CPU
		{1B94FB70-502F-4D66-8BA1-FECC3FC4A757}.mhf-release_debug|Any CPU.ActiveCfg = Release|Any CPU
		{1B94FB70-502F-4D66-8BA1-FECC3FC4A757}.mhf-release_debug|Win32.ActiveCfg = Release|Any CPU
		{1B94FB70-502F-4D66-8BA1-FECC3FC4A757}.mhf-trial-debug|Any CPU.ActiveCfg = Release|Any CPU
		{1B94FB70-502F-4D66-8BA1-FECC3FC4A757}.mhf-trial-debug|Win32.ActiveCfg = Release|Any CPU
		{1B94FB70-502F-4D66-8BA1-FECC3FC4A757}.mhf-trial-release|Any CPU.ActiveCfg = Release|Any CPU
		{1B94FB70-502F-4D66-8BA1-FECC3FC4A757}.mhf-trial-release|Win32.ActiveCfg = Release|Any CPU
		{1B94FB70-502F-4D66-8BA1-FECC3FC4A757}.Release|Any CPU.ActiveCfg = Release|Any CPU
		{1B94FB70-502F-4D66-8BA1-FECC3FC4A757}.Release|Any CPU.Build.0 = Release|Any CPU
		{1B94FB70-502F-4D66-8BA1-FECC3FC4A757}.Release|Win32.ActiveCfg = Release|Any CPU
		{2C6D96AB-BB0D-4A2E-A3E0-4CC0FA002AAF}._Debug|Any CPU.ActiveCfg = Debug|Any CPU
		{2C6D96AB-BB0D-4A2E-A3E0-4CC0FA002AAF}._Debug|Win32.ActiveCfg = Debug|Any CPU
		{2C6D96AB-BB0D-4A2E-A3E0-4CC0FA002AAF}._dll-debug_opt|Any CPU.ActiveCfg = Release|Any CPU
		{2C6D96AB-BB0D-4A2E-A3E0-4CC0FA002AAF}._dll-debug_opt|Win32.ActiveCfg = Release|Any CPU
		{2C6D96AB-BB0D-4A2E-A3E0-4CC0FA002AAF}._dll-debug|Any CPU.ActiveCfg = Release|Any CPU
		{2C6D96AB-BB0D-4A2E-A3E0-4CC0FA002AAF}._dll-debug|Win32.ActiveCfg = Release|Any CPU
		{2C6D96AB-BB0D-4A2E-A3E0-4CC0FA002AAF}._dll-release|Any CPU.ActiveCfg = Release|Any CPU
		{2C6D96AB-BB0D-4A2E-A3E0-4CC0FA002AAF}._dll-release|Win32.ActiveCfg = Release|Any CPU
		{2C6D96AB-BB0D-4A2E-A3E0-4CC0FA002AAF}._Release|Any CPU.ActiveCfg = Release|Any CPU
		{2C6D96AB-BB0D-4A2E-A3E0-4CC0FA002AAF}._Release|Win32.ActiveCfg = Release|Any CPU
		{2C6D96AB-BB0D-4A2E-A3E0-4CC0FA002AAF}._WiiU-debug|Any CPU.ActiveCfg = Release|Any CPU
		{2C6D96AB-BB0D-4A2E-A3E0-4CC0FA002AAF}._WiiU-debug|Win32.ActiveCfg = Release|Any CPU
		{2C6D96AB-BB0D-4A2E-A3E0-4CC0FA002AAF}._WiiU-develop|Any CPU.ActiveCfg = Release|Any CPU
		{2C6D96AB-BB0D-4A2E-A3E0-4CC0FA002AAF}._WiiU-develop|Win32.ActiveCfg = Release|Any CPU
		{2C6D96AB-BB0D-4A2E-A3E0-4CC0FA002AAF}._WiiU-release|Any CPU.ActiveCfg = Release|Any CPU
		{2C6D96AB-BB0D-4A2E-A3E0-4CC0FA002AAF}._WiiU-release|Win32.ActiveCfg = Release|Any CPU
		{2C6D96AB-BB0D-4A2E-A3E0-4CC0FA002AAF}._xbox360-debug_dll|Any CPU.ActiveCfg = Release|Any CPU
		{2C6D96AB-BB0D-4A2E-A3E0-4CC0FA002AAF}._xbox360-debug_dll|Win32.ActiveCfg = Release|Any CPU
		{2C6D96AB-BB0D-4A2E-A3E0-4CC0FA002AAF}._xbox360-debug|Any CPU.ActiveCfg = Release|Any CPU
		{2C6D96AB-BB0D-4A2E-A3E0-4CC0FA002AAF}._xbox360-debug|Win32.ActiveCfg = Release|Any CPU
		{2C6D96AB-BB0D-4A2E-A3E0-4CC0FA002AAF}._xbox360-debug-opt|Any CPU.ActiveCfg = Release|Any CPU
		{2C6D96AB-BB0D-4A2E-A3E0-4CC0FA002AAF}._xbox360-debug-opt|Win32.ActiveCfg = Release|Any CPU
		{2C6D96AB-BB0D-4A2E-A3E0-4CC0FA002AAF}._xbox360-debug-xlsp|Any CPU.ActiveCfg = Release|Any CPU
		{2C6D96AB-BB0D-4A2E-A3E0-4CC0FA002AAF}._xbox360-debug-xlsp|Win32.ActiveCfg = Release|Any CPU
		{2C6D96AB-BB0D-4A2E-A3E0-4CC0FA002AAF}._xbox360-profile|Any CPU.ActiveCfg = Release|Any CPU
		{2C6D96AB-BB0D-4A2E-A3E0-4CC0FA002AAF}._xbox360-profile|Win32.ActiveCfg = Release|Any CPU
		{2C6D96AB-BB0D-4A2E-A3E0-4CC0FA002AAF}._xbox360-release|Any CPU.ActiveCfg = Release|Any CPU
		{2C6D96AB-BB0D-4A2E-A3E0-4CC0FA002AAF}._xbox360-release|Win32.ActiveCfg = Release|Any CPU
		{2C6D96AB-BB0D-4A2E-A3E0-4CC0FA002AAF}._xbox360-release-develop|Any CPU.ActiveCfg = Release|Any CPU
		{2C6D96AB-BB0D-4A2E-A3E0-4CC0FA002AAF}._xbox360-release-develop|Win32.ActiveCfg = Release|Any CPU
		{2C6D96AB-BB0D-4A2E-A3E0-4CC0FA002AAF}._xbox360-release-ni|Any CPU.ActiveCfg = Release|Any CPU
		{2C6D96AB-BB0D-4A2E-A3E0-4CC0FA002AAF}._xbox360-release-ni|Win32.ActiveCfg = Release|Any CPU
		{2C6D96AB-BB0D-4A2E-A3E0-4CC0FA002AAF}._xbox360-release-signed|Any CPU.ActiveCfg = Release|Any CPU
		{2C6D96AB-BB0D-4A2E-A3E0-4CC0FA002AAF}._xbox360-release-signed|Win32.ActiveCfg = Release|Any CPU
		{2C6D96AB-BB0D-4A2E-A3E0-4CC0FA002AAF}.Debug|Any CPU.ActiveCfg = Debug|Any CPU
		{2C6D96AB-BB0D-4A2E-A3E0-4CC0FA002AAF}.Debug|Any CPU.Build.0 = Debug|Any CPU
		{2C6D96AB-BB0D-4A2E-A3E0-4CC0FA002AAF}.Debug|Win32.ActiveCfg = Debug|Any CPU
		{2C6D96AB-BB0D-4A2E-A3E0-4CC0FA002AAF}.mhf-debug-unicode|Any CPU.ActiveCfg = Release|Any CPU
		{2C6D96AB-BB0D-4A2E-A3E0-4CC0FA002AAF}.mhf-debug-unicode|Win32.ActiveCfg = Release|Any CPU
		{2C6D96AB-BB0D-4A2E-A3E0-4CC0FA002AAF}.mhf-release_debug|Any CPU.ActiveCfg = Release|Any CPU
		{2C6D96AB-BB0D-4A2E-A3E0-4CC0FA002AAF}.mhf-release_debug|Win32.ActiveCfg = Release|Any CPU
		{2C6D96AB-BB0D-4A2E-A3E0-4CC0FA002AAF}.mhf-trial-debug|Any CPU.ActiveCfg = Release|Any CPU
		{2C6D96AB-BB0D-4A2E-A3E0-4CC0FA002AAF}.mhf-trial-debug|Win32.ActiveCfg = Release|Any CPU
		{2C6D96AB-BB0D-4A2E-A3E0-4CC0FA002AAF}.mhf-trial-release|Any CPU.ActiveCfg = Release|Any CPU
		{2C6D96AB-BB0D-4A2E-A3E0-4CC0FA002AAF}.mhf-trial-release|Win32.ActiveCfg = Release|Any CPU
		{2C6D96AB-BB0D-4A2E-A3E0-4CC0FA002AAF}.Release|Any CPU.ActiveCfg = Release|Any CPU
		{2C6D96AB-BB0D-4A2E-A3E0-4CC0FA002AAF}.Release|Any CPU.Build.0 = Release|Any CPU
		{2C6D96AB-BB0D-4A2E-A3E0-4CC0FA002AAF}.Release|Win32.ActiveCfg = Release|Any CPU
		{DA23F800-0870-4D3E-A808-37C7DC32F542}._Debug|Any CPU.ActiveCfg = Debug|Any CPU
		{DA23F800-0870-4D3E-A808-37C7DC32F542}._Debug|Any CPU.Build.0 = Debug|Any CPU
		{DA23F800-0870-4D3E-A808-37C7DC32F542}._Debug|Win32.ActiveCfg = Debug|Any CPU
		{DA23F800-0870-4D3E-A808-37C7DC32F542}._dll-debug_opt|Any CPU.ActiveCfg = Release|Any CPU
		{DA23F800-0870-4D3E-A808-37C7DC32F542}._dll-debug_opt|Any CPU.Build.0 = Release|Any CPU
		{DA23F800-0870-4D3E-A808-37C7DC32F542}._dll-debug_opt|Win32.ActiveCfg = Release|Any CPU
		{DA23F800-0870-4D3E-A808-37C7DC32F542}._dll-debug|Any CPU.ActiveCfg = Release|Any CPU
		{DA23F800-0870-4D3E-A808-37C7DC32F542}._dll-debug|Any CPU.Build.0 = Release|Any CPU
		{DA23F800-0870-4D3E-A808-37C7DC32F542}._dll-debug|Win32.ActiveCfg = Release|Any CPU
		{DA23F800-0870-4D3E-A808-37C7DC32F542}._dll-release|Any CPU.ActiveCfg = Release|Any CPU
		{DA23F800-0870-4D3E-A808-37C7DC32F542}._dll-release|Any CPU.Build.0 = Release|Any CPU
		{DA23F800-0870-4D3E-A808-37C7DC32F542}._dll-release|Win32.ActiveCfg = Release|Any CPU
		{DA23F800-0870-4D3E-A808-37C7DC32F542}._Release|Any CPU.ActiveCfg = Release|Any CPU
		{DA23F800-0870-4D3E-A808-37C7DC32F542}._Release|Any CPU.Build.0 = Release|Any CPU
		{DA23F800-0870-4D3E-A808-37C7DC32F542}._Release|Win32.ActiveCfg = Release|Any CPU
		{DA23F800-0870-4D3E-A808-37C7DC32F542}._WiiU-debug|Any CPU.ActiveCfg = Release|Any CPU
		{DA23F800-0870-4D3E-A808-37C7DC32F542}._WiiU-debug|Any CPU.Build.0 = Release|Any CPU
		{DA23F800-0870-4D3E-A808-37C7DC32F542}._WiiU-debug|Win32.ActiveCfg = Release|Any CPU
		{DA23F800-0870-4D3E-A808-37C7DC32F542}._WiiU-develop|Any CPU.ActiveCfg = Release|Any CPU
		{DA23F800-0870-4D3E-A808-37C7DC32F542}._WiiU-develop|Any CPU.Build.0 = Release|Any CPU
		{DA23F800-0870-4D3E-A808-37C7DC32F542}._WiiU-develop|Win32.ActiveCfg = Release|Any CPU
		{DA23F800-0870-4D3E-A808-37C7DC32F542}._WiiU-release|Any CPU.ActiveCfg = Release|Any CPU
		{DA23F800-0870-4D3E-A808-37C7DC32F542}._WiiU-release|Any CPU.Build.0 = Release|Any CPU
		{DA23F800-0870-4D3E-A808-37C7DC32F542}._WiiU-release|Win32.ActiveCfg = Release|Any CPU
		{DA23F800-0870-4D3E-A808-37C7DC32F542}._xbox360-debug_dll|Any CPU.ActiveCfg = Release|Any CPU
		{DA23F800-0870-4D3E-A808-37C7DC32F542}._xbox360-debug_dll|Any CPU.Build.0 = Release|Any CPU
		{DA23F800-0870-4D3E-A808-37C7DC32F542}._xbox360-debug_dll|Win32.ActiveCfg = Release|Any CPU
		{DA23F800-0870-4D3E-A808-37C7DC32F542}._xbox360-debug|Any CPU.ActiveCfg = Release|Any CPU
		{DA23F800-0870-4D3E-A808-37C7DC32F542}._xbox360-debug|Any CPU.Build.0 = Release|Any CPU
		{DA23F800-0870-4D3E-A808-37C7DC32F542}._xbox360-debug|Win32.ActiveCfg = Release|Any CPU
		{DA23F800-0870-4D3E-A808-37C7DC32F542}._xbox360-debug-opt|Any CPU.ActiveCfg = Release|Any CPU
		{DA23F800-0870-4D3E-A808-37C7DC32F542}._xbox360-debug-opt|Any CPU.Build.0 = Release|Any CPU
		{DA23F800-0870-4D3E-A808-37C7DC32F542}._xbox360-debug-opt|Win32.ActiveCfg = Release|Any CPU
		{DA23F800-0870-4D3E-A808-37C7DC32F542}._xbox360-debug-xlsp|Any CPU.ActiveCfg = Release|Any CPU
		{DA23F800-0870-4D3E-A808-37C7DC32F542}._xbox360-debug-xlsp|Any CPU.Build.0 = Release|Any CPU
		{DA23F800-0870-4D3E-A808-37C7DC32F542}._xbox360-debug-xlsp|Win32.ActiveCfg = Release|Any CPU
		{DA23F800-0870-4D3E-A808-37C7DC32F542}._xbox360-profile|Any CPU.ActiveCfg = Release|Any CPU
		{DA23F800-0870-4D3E-A808-37C7DC32F542}._xbox360-profile|Any CPU.Build.0 = Release|Any CPU
		{DA23F800-0870-4D3E-A808-37C7DC32F542}._xbox360-profile|Win32.ActiveCfg = Release|Any CPU
		{DA23F800-0870-4D3E-A808-37C7DC32F542}._xbox360-release|Any CPU.ActiveCfg = Release|Any CPU
		{DA23F800-0870-4D3E-A808-37C7DC32F542}._xbox360-release|Any CPU.Build.0 = Release|Any CPU
		{DA23F800-0870-4D3E-A808-37C7DC32F542}._xbox360-release|Win32.ActiveCfg = Release|Any CPU
		{DA23F800-0870-4D3E-A808-37C7DC32F542}._xbox360-release-develop|Any CPU.ActiveCfg = Release|Any CPU
		{DA23F800-0870-4D3E-A808-37C7DC32F542}._xbox360-release-develop|Any CPU.Build.0 = Release|Any CPU
		{DA23F800-0870-4D3E-A808-37C7DC32F542}._xbox360-release-develop|Win32.ActiveCfg = Release|Any CPU
		{DA23F800-0870-4D3E-A808-37C7DC32F542}._xbox360-release-ni|Any CPU.ActiveCfg = Release|Any CPU
		{DA23F800-0870-4D3E-A808-37C7DC32F542}._xbox360-release-ni|Any CPU.Build.0 = Release|Any CPU
		{DA23F800-0870-4D3E-A808-37C7DC32F542}._xbox360-release-ni|Win32.ActiveCfg = Release|Any CPU
		{DA23F800-0870-4D3E-A808-37C7DC32F542}._xbox360-release-signed|Any CPU.ActiveCfg = Release|Any CPU
		{DA23F800-0870-4D3E-A808-37C7DC32F542}._xbox360-release-signed|Any CPU.Build.0 = Release|Any CPU
		{DA23F800-0870-4D3E-A808-37C7DC32F542}._xbox360-release-signed|Win32.ActiveCfg = Release|Any CPU
		{DA23F800-0870-4D3E-A808-37C7DC32F542}.Debug|Any CPU.ActiveCfg = Debug|Any CPU
		{DA23F800-0870-4D3E-A808-37C7DC32F542}.Debug|Any CPU.Build.0 = Debug|Any CPU
		{DA23F800-0870-4D3E-A808-37C7DC32F542}.Debug|Win32.ActiveCfg = Debug|Any CPU
		{DA23F800-0870-4D3E-A808-37C7DC32F542}.mhf-debug-unicode|Any CPU.ActiveCfg = Release|Any CPU
		{DA23F800-0870-4D3E-A808-37C7DC32F542}.mhf-debug-unicode|Any CPU.Build.0 = Release|Any CPU
		{DA23F800-0870-4D3E-A808-37C7DC32F542}.mhf-debug-unicode|Win32.ActiveCfg = Release|Any CPU
		{DA23F800-0870-4D3E-A808-37C7DC32F542}.mhf-release_debug|Any CPU.ActiveCfg = Release|Any CPU
		{DA23F800-0870-4D3E-A808-37C7DC32F542}.mhf-release_debug|Any CPU.Build.0 = Release|Any CPU
		{DA23F800-0870-4D3E-A808-37C7DC32F542}.mhf-release_debug|Win32.ActiveCfg = Release|Any CPU
		{DA23F800-0870-4D3E-A808-37C7DC32F542}.mhf-trial-debug|Any CPU.ActiveCfg = Release|Any CPU
		{DA23F800-0870-4D3E-A808-37C7DC32F542}.mhf-trial-debug|Any CPU.Build.0 = Release|Any CPU
		{DA23F800-0870-4D3E-A808-37C7DC32F542}.mhf-trial-debug|Win32.ActiveCfg = Release|Any CPU
		{DA23F800-0870-4D3E-A808-37C7DC32F542}.mhf-trial-release|Any CPU.ActiveCfg = Release|Any CPU
		{DA23F800-0870-4D3E-A808-37C7DC32F542}.mhf-trial-release|Any CPU.Build.0 = Release|Any CPU
		{DA23F800-0870-4D3E-A808-37C7DC32F542}.mhf-trial-release|Win32.ActiveCfg = Release|Any CPU
		{DA23F800-0870-4D3E-A808-37C7DC32F542}.Release|Any CPU.ActiveCfg = Release|Any CPU
		{DA23F800-0870-4D3E-A808-37C7DC32F542}.Release|Any CPU.Build.0 = Release|Any CPU
		{DA23F800-0870-4D3E-A808-37C7DC32F542}.Release|Win32.ActiveCfg = Release|Any CPU
	EndGlobalSection
	GlobalSection(SolutionProperties) = preSolution
		HideSolutionNode = FALSE
	EndGlobalSection
EndGlobal
